
Microsoft Visual Studio Solution File, Format Version 12.00
# Visual Studio Version 17
VisualStudioVersion = 17.5.33530.505
MinimumVisualStudioVersion = 10.0.40219.1
Project("{FAE04EC0-301F-11D3-BF4B-00C04F79EFBC}") = "Angular_Playground", "Angular_Playground\Angular_Playground.csproj", "{629DF6E4-D7CD-4FC7-915E-9FF2C4461BF0}"
EndProject
Global
	GlobalSection(SolutionConfigurationPlatforms) = preSolution
		Debug|Any CPU = Debug|Any CPU
		Release|Any CPU = Release|Any CPU
	EndGlobalSection
	GlobalSection(ProjectConfigurationPlatforms) = postSolution
		{629DF6E4-D7CD-4FC7-915E-9FF2C4461BF0}.Debug|Any CPU.ActiveCfg = Debug|Any CPU
		{629DF6E4-D7CD-4FC7-915E-9FF2C4461BF0}.Debug|Any CPU.Build.0 = Debug|Any CPU
		{629DF6E4-D7CD-4FC7-915E-9FF2C4461BF0}.Release|Any CPU.ActiveCfg = Release|Any CPU
		{629DF6E4-D7CD-4FC7-915E-9FF2C4461BF0}.Release|Any CPU.Build.0 = Release|Any CPU
	EndGlobalSection
	GlobalSection(SolutionProperties) = preSolution
		HideSolutionNode = FALSE
	EndGlobalSection
	GlobalSection(ExtensibilityGlobals) = postSolution
		SolutionGuid = {CBA0B529-A3DF-418D-824C-895E18AD264D}
	EndGlobalSection
EndGlobal
